
Microsoft Visual Studio Solution File, Format Version 12.00
# Visual Studio Version 17
VisualStudioVersion = 17.8.34309.116
MinimumVisualStudioVersion = 10.0.40219.1
Project("{F184B08F-C81C-45F6-A57F-5ABD9991F28F}") = "Former", "Former\Former.vbproj", "{1F0D8B34-FB71-4C95-939E-CC64E6381896}"
EndProject
Project("{F184B08F-C81C-45F6-A57F-5ABD9991F28F}") = "FormerLib", "FormerLib\FormerLib.vbproj", "{47910D2B-17B8-437D-B5E6-EAE3B203588E}"
EndProject
Project("{F184B08F-C81C-45F6-A57F-5ABD9991F28F}") = "FormerWeb", "FormerWeb\FormerWeb.vbproj", "{5ADF7EF3-30B7-43C2-A19D-3B6E560E4D89}"
EndProject
Project("{F184B08F-C81C-45F6-A57F-5ABD9991F28F}") = "FormerBrowser", "FormerBrowser\FormerBrowser.vbproj", "{AEE6B795-6E18-4E56-AB16-7AC261FFB5DD}"
EndProject
Project("{2150E333-8FDC-42A3-9474-1A3956D46DE8}") = "4 - lib", "4 - lib", "{E2DDB32D-FF53-4533-8DCA-97BF60F5D2A7}"
EndProject
Project("{2150E333-8FDC-42A3-9474-1A3956D46DE8}") = "3 - dal", "3 - dal", "{B0112A12-5A90-4033-B6F5-2E6EA7BE23A0}"
EndProject
Project("{F184B08F-C81C-45F6-A57F-5ABD9991F28F}") = "FormerLiveUpdate", "FormerLiveUpdate\FormerLiveUpdate.vbproj", "{8FE80AE0-829A-4267-BEF1-0A8975FF2C98}"
EndProject
Project("{F184B08F-C81C-45F6-A57F-5ABD9991F28F}") = "FormerGraphics", "FormerGraphics\FormerGraphics.vbproj", "{B694A233-B984-4364-8691-1FEE6EBB1FAC}"
EndProject
Project("{F184B08F-C81C-45F6-A57F-5ABD9991F28F}") = "FormerPrinter", "FormerPrinter\FormerPrinter.vbproj", "{D6B6D7F1-5FF8-4BBD-81C8-A70D1751E223}"
EndProject
Project("{F184B08F-C81C-45F6-A57F-5ABD9991F28F}") = "FormerLab", "FormerLab\FormerLab.vbproj", "{B902AAB1-A100-4776-8A5E-7A5A348D6BB6}"
EndProject
Project("{F184B08F-C81C-45F6-A57F-5ABD9991F28F}") = "FormerDALSql", "FormerDALSql\FormerDALSql.vbproj", "{FF140A84-B072-4107-9B8A-AA1C4A8F0407}"
EndProject
Project("{F184B08F-C81C-45F6-A57F-5ABD9991F28F}") = "FormerAnalytics", "FormerAnalytics\FormerAnalytics.vbproj", "{4EA19582-6636-4FB6-B3B4-4A53B17E03AB}"
EndProject
Project("{F184B08F-C81C-45F6-A57F-5ABD9991F28F}") = "FormerDaemon-Server", "FormerDaemon-Server\FormerDaemon-Server.vbproj", "{16A40005-5836-4260-87EA-3240B430087D}"
EndProject
Project("{F184B08F-C81C-45F6-A57F-5ABD9991F28F}") = "FormerWebLabeling", "FormerWebLabeling\FormerWebLabeling.vbproj", "{1F914A96-59AD-405F-B725-D11C13182475}"
EndProject
Project("{F184B08F-C81C-45F6-A57F-5ABD9991F28F}") = "FormerConfig", "FormerConfig\FormerConfig.vbproj", "{31EDE59A-0C3F-462B-98E0-4DD454D96847}"
EndProject
Project("{F184B08F-C81C-45F6-A57F-5ABD9991F28F}") = "FormerListiniLab", "FormerListiniLab\FormerListiniLab.vbproj", "{363CB3D8-13AB-4C60-A8E7-FC92F90133D3}"
EndProject
Project("{F184B08F-C81C-45F6-A57F-5ABD9991F28F}") = "FormerListiniLib", "FormerListiniLib\FormerListiniLib.vbproj", "{E9F40DD4-B7EB-4519-8208-4CC36CBEFE7F}"
EndProject
Project("{F184B08F-C81C-45F6-A57F-5ABD9991F28F}") = "FormerListiniWeb", "ListiniWeb\FormerListiniWeb.vbproj", "{A7F18431-C164-4A0F-AC82-140FEB191B6A}"
EndProject
Project("{F184B08F-C81C-45F6-A57F-5ABD9991F28F}") = "FormerDaemon-Launcher", "FormerDaemon-Launcher\FormerDaemon-Launcher.vbproj", "{B0963F16-F6C7-4699-AD8C-2358F30E0382}"
EndProject
Project("{F184B08F-C81C-45F6-A57F-5ABD9991F28F}") = "FormerBancaSella", "FormerBancaSella\FormerBancaSella.vbproj", "{90604D91-E412-4F70-9425-D429DC1CD377}"
EndProject
Project("{F184B08F-C81C-45F6-A57F-5ABD9991F28F}") = "FormerEventi", "FormerEventi\FormerEventi.vbproj", "{B852D7B1-87F5-456A-9880-02194139411D}"
EndProject
Project("{F184B08F-C81C-45F6-A57F-5ABD9991F28F}") = "FormerDALEventi", "FormerDALEventi\FormerDALEventi.vbproj", "{6C0C05A4-0D1D-489A-881C-142FA4877BED}"
EndProject
Project("{F184B08F-C81C-45F6-A57F-5ABD9991F28F}") = "FormerDALWeb", "FormerDALWeb\FormerDALWeb.vbproj", "{FD43BD6D-DC66-45FE-B4D2-9C5B9CFFD39F}"
EndProject
Project("{F184B08F-C81C-45F6-A57F-5ABD9991F28F}") = "FormerBusinessLogic", "FormerBusinessLogic\FormerBusinessLogic.vbproj", "{EF457977-11CA-4844-8BC1-D544040F1352}"
EndProject
Project("{F184B08F-C81C-45F6-A57F-5ABD9991F28F}") = "FormerBusinessLogicInterface", "FormerBusinessLogicInterface\FormerBusinessLogicInterface.vbproj", "{D056F549-D3D9-4DA0-B0A0-5C22BB15CB14}"
EndProject
Project("{F184B08F-C81C-45F6-A57F-5ABD9991F28F}") = "FormerIO", "FormerIO\FormerIO.vbproj", "{7CD2A141-7DDC-41AA-AB70-1EFEE472F182}"
EndProject
Project("{2150E333-8FDC-42A3-9474-1A3956D46DE8}") = "6 - module", "6 - module", "{899C32AF-41FC-4F39-A301-8C19C28156B5}"
EndProject
Project("{2150E333-8FDC-42A3-9474-1A3956D46DE8}") = "2 - core", "2 - core", "{6B104D2F-7D19-4724-AB04-16C9B1BB74E9}"
EndProject
Project("{2150E333-8FDC-42A3-9474-1A3956D46DE8}") = "1 - main", "1 - main", "{36652025-F7A9-42BA-AA08-DA5D622CD001}"
EndProject
Project("{2150E333-8FDC-42A3-9474-1A3956D46DE8}") = "5 - ext-lib", "5 - ext-lib", "{7E0621FA-D825-4533-BD45-32A0CF25EA33}"
EndProject
Project("{2150E333-8FDC-42A3-9474-1A3956D46DE8}") = "7 - prj", "7 - prj", "{2F6F3A05-5F71-4C5C-ACA6-0124E3E455B0}"
EndProject
Project("{2150E333-8FDC-42A3-9474-1A3956D46DE8}") = "listini", "listini", "{28A3ED1B-548C-403C-A6C7-BB91CFD7F338}"
EndProject
Project("{2150E333-8FDC-42A3-9474-1A3956D46DE8}") = "eventi", "eventi", "{D80CFC81-9ECC-4DF8-8683-109D852B63E4}"
EndProject
Project("{F184B08F-C81C-45F6-A57F-5ABD9991F28F}") = "FormerError", "FormerError\FormerError.vbproj", "{643FB19D-F1FA-42EC-9ACD-563F3167E80E}"
EndProject
Project("{F184B08F-C81C-45F6-A57F-5ABD9991F28F}") = "FormerEFDALSql", "FormerEFDALSql\FormerEFDALSql.vbproj", "{4AD48290-32BF-46F6-B403-60F74CD5A43D}"
EndProject
Project("{9A19103F-16F7-4668-BE54-9A1E7A4F7556}") = "FormerMarketing", "FormerMarketing\FormerMarketing.csproj", "{28238A48-9679-4A5C-BE49-43447544DF73}"
EndProject
Project("{2150E333-8FDC-42A3-9474-1A3956D46DE8}") = "Solution Items", "Solution Items", "{6C5099D1-DA55-4FB1-A7D4-C38D5AD3945A}"
	ProjectSection(SolutionItems) = preProject
		.gitignore = .gitignore
	EndProjectSection
EndProject
Global
	GlobalSection(SolutionConfigurationPlatforms) = preSolution
		Debug|Any CPU = Debug|Any CPU
		Debug|x64 = Debug|x64
		Debug|x86 = Debug|x86
		Release|Any CPU = Release|Any CPU
		Release|x64 = Release|x64
		Release|x86 = Release|x86
	EndGlobalSection
	GlobalSection(ProjectConfigurationPlatforms) = postSolution
		{1F0D8B34-FB71-4C95-939E-CC64E6381896}.Debug|Any CPU.ActiveCfg = Debug|Any CPU
		{1F0D8B34-FB71-4C95-939E-CC64E6381896}.Debug|Any CPU.Build.0 = Debug|Any CPU
		{1F0D8B34-FB71-4C95-939E-CC64E6381896}.Debug|Any CPU.Deploy.0 = Debug|Any CPU
		{1F0D8B34-FB71-4C95-939E-CC64E6381896}.Debug|x64.ActiveCfg = Debug|x64
		{1F0D8B34-FB71-4C95-939E-CC64E6381896}.Debug|x64.Build.0 = Debug|x64
		{1F0D8B34-FB71-4C95-939E-CC64E6381896}.Debug|x86.ActiveCfg = Debug|x86
		{1F0D8B34-FB71-4C95-939E-CC64E6381896}.Debug|x86.Build.0 = Debug|x86
		{1F0D8B34-FB71-4C95-939E-CC64E6381896}.Release|Any CPU.ActiveCfg = Release|Any CPU
		{1F0D8B34-FB71-4C95-939E-CC64E6381896}.Release|Any CPU.Build.0 = Release|Any CPU
		{1F0D8B34-FB71-4C95-939E-CC64E6381896}.Release|x64.ActiveCfg = Release|x64
		{1F0D8B34-FB71-4C95-939E-CC64E6381896}.Release|x64.Build.0 = Release|x64
		{1F0D8B34-FB71-4C95-939E-CC64E6381896}.Release|x86.ActiveCfg = Release|x86
		{1F0D8B34-FB71-4C95-939E-CC64E6381896}.Release|x86.Build.0 = Release|x86
		{47910D2B-17B8-437D-B5E6-EAE3B203588E}.Debug|Any CPU.ActiveCfg = Debug|Any CPU
		{47910D2B-17B8-437D-B5E6-EAE3B203588E}.Debug|Any CPU.Build.0 = Debug|Any CPU
		{47910D2B-17B8-437D-B5E6-EAE3B203588E}.Debug|x64.ActiveCfg = Debug|x64
		{47910D2B-17B8-437D-B5E6-EAE3B203588E}.Debug|x64.Build.0 = Debug|x64
		{47910D2B-17B8-437D-B5E6-EAE3B203588E}.Debug|x86.ActiveCfg = Debug|x86
		{47910D2B-17B8-437D-B5E6-EAE3B203588E}.Debug|x86.Build.0 = Debug|x86
		{47910D2B-17B8-437D-B5E6-EAE3B203588E}.Release|Any CPU.ActiveCfg = Release|Any CPU
		{47910D2B-17B8-437D-B5E6-EAE3B203588E}.Release|Any CPU.Build.0 = Release|Any CPU
		{47910D2B-17B8-437D-B5E6-EAE3B203588E}.Release|x64.ActiveCfg = Release|x64
		{47910D2B-17B8-437D-B5E6-EAE3B203588E}.Release|x64.Build.0 = Release|x64
		{47910D2B-17B8-437D-B5E6-EAE3B203588E}.Release|x86.ActiveCfg = Release|x86
		{47910D2B-17B8-437D-B5E6-EAE3B203588E}.Release|x86.Build.0 = Release|x86
		{5ADF7EF3-30B7-43C2-A19D-3B6E560E4D89}.Debug|Any CPU.ActiveCfg = Debug|Any CPU
		{5ADF7EF3-30B7-43C2-A19D-3B6E560E4D89}.Debug|Any CPU.Build.0 = Debug|Any CPU
		{5ADF7EF3-30B7-43C2-A19D-3B6E560E4D89}.Debug|x64.ActiveCfg = Debug|x64
		{5ADF7EF3-30B7-43C2-A19D-3B6E560E4D89}.Debug|x64.Build.0 = Debug|x64
		{5ADF7EF3-30B7-43C2-A19D-3B6E560E4D89}.Debug|x86.ActiveCfg = Debug|x86
		{5ADF7EF3-30B7-43C2-A19D-3B6E560E4D89}.Debug|x86.Build.0 = Debug|x86
		{5ADF7EF3-30B7-43C2-A19D-3B6E560E4D89}.Release|Any CPU.ActiveCfg = Release|Any CPU
		{5ADF7EF3-30B7-43C2-A19D-3B6E560E4D89}.Release|Any CPU.Build.0 = Release|Any CPU
		{5ADF7EF3-30B7-43C2-A19D-3B6E560E4D89}.Release|x64.ActiveCfg = Release|x64
		{5ADF7EF3-30B7-43C2-A19D-3B6E560E4D89}.Release|x64.Build.0 = Release|x64
		{5ADF7EF3-30B7-43C2-A19D-3B6E560E4D89}.Release|x86.ActiveCfg = Release|x86
		{5ADF7EF3-30B7-43C2-A19D-3B6E560E4D89}.Release|x86.Build.0 = Release|x86
		{AEE6B795-6E18-4E56-AB16-7AC261FFB5DD}.Debug|Any CPU.ActiveCfg = Debug|Any CPU
		{AEE6B795-6E18-4E56-AB16-7AC261FFB5DD}.Debug|Any CPU.Build.0 = Debug|Any CPU
		{AEE6B795-6E18-4E56-AB16-7AC261FFB5DD}.Debug|x64.ActiveCfg = Debug|x64
		{AEE6B795-6E18-4E56-AB16-7AC261FFB5DD}.Debug|x64.Build.0 = Debug|x64
		{AEE6B795-6E18-4E56-AB16-7AC261FFB5DD}.Debug|x86.ActiveCfg = Debug|x86
		{AEE6B795-6E18-4E56-AB16-7AC261FFB5DD}.Debug|x86.Build.0 = Debug|x86
		{AEE6B795-6E18-4E56-AB16-7AC261FFB5DD}.Release|Any CPU.ActiveCfg = Release|Any CPU
		{AEE6B795-6E18-4E56-AB16-7AC261FFB5DD}.Release|Any CPU.Build.0 = Release|Any CPU
		{AEE6B795-6E18-4E56-AB16-7AC261FFB5DD}.Release|x64.ActiveCfg = Release|x64
		{AEE6B795-6E18-4E56-AB16-7AC261FFB5DD}.Release|x64.Build.0 = Release|x64
		{AEE6B795-6E18-4E56-AB16-7AC261FFB5DD}.Release|x86.ActiveCfg = Release|x86
		{AEE6B795-6E18-4E56-AB16-7AC261FFB5DD}.Release|x86.Build.0 = Release|x86
		{8FE80AE0-829A-4267-BEF1-0A8975FF2C98}.Debug|Any CPU.ActiveCfg = Debug|Any CPU
		{8FE80AE0-829A-4267-BEF1-0A8975FF2C98}.Debug|Any CPU.Build.0 = Debug|Any CPU
		{8FE80AE0-829A-4267-BEF1-0A8975FF2C98}.Debug|x64.ActiveCfg = Debug|x64
		{8FE80AE0-829A-4267-BEF1-0A8975FF2C98}.Debug|x64.Build.0 = Debug|x64
		{8FE80AE0-829A-4267-BEF1-0A8975FF2C98}.Debug|x86.ActiveCfg = Debug|x86
		{8FE80AE0-829A-4267-BEF1-0A8975FF2C98}.Debug|x86.Build.0 = Debug|x86
		{8FE80AE0-829A-4267-BEF1-0A8975FF2C98}.Release|Any CPU.ActiveCfg = Release|Any CPU
		{8FE80AE0-829A-4267-BEF1-0A8975FF2C98}.Release|Any CPU.Build.0 = Release|Any CPU
		{8FE80AE0-829A-4267-BEF1-0A8975FF2C98}.Release|x64.ActiveCfg = Release|x64
		{8FE80AE0-829A-4267-BEF1-0A8975FF2C98}.Release|x64.Build.0 = Release|x64
		{8FE80AE0-829A-4267-BEF1-0A8975FF2C98}.Release|x86.ActiveCfg = Release|x86
		{8FE80AE0-829A-4267-BEF1-0A8975FF2C98}.Release|x86.Build.0 = Release|x86
		{B694A233-B984-4364-8691-1FEE6EBB1FAC}.Debug|Any CPU.ActiveCfg = Debug|Any CPU
		{B694A233-B984-4364-8691-1FEE6EBB1FAC}.Debug|Any CPU.Build.0 = Debug|Any CPU
		{B694A233-B984-4364-8691-1FEE6EBB1FAC}.Debug|x64.ActiveCfg = Debug|x64
		{B694A233-B984-4364-8691-1FEE6EBB1FAC}.Debug|x64.Build.0 = Debug|x64
		{B694A233-B984-4364-8691-1FEE6EBB1FAC}.Debug|x86.ActiveCfg = Debug|x86
		{B694A233-B984-4364-8691-1FEE6EBB1FAC}.Debug|x86.Build.0 = Debug|x86
		{B694A233-B984-4364-8691-1FEE6EBB1FAC}.Release|Any CPU.ActiveCfg = Release|Any CPU
		{B694A233-B984-4364-8691-1FEE6EBB1FAC}.Release|Any CPU.Build.0 = Release|Any CPU
		{B694A233-B984-4364-8691-1FEE6EBB1FAC}.Release|x64.ActiveCfg = Release|x64
		{B694A233-B984-4364-8691-1FEE6EBB1FAC}.Release|x64.Build.0 = Release|x64
		{B694A233-B984-4364-8691-1FEE6EBB1FAC}.Release|x86.ActiveCfg = Release|x86
		{B694A233-B984-4364-8691-1FEE6EBB1FAC}.Release|x86.Build.0 = Release|x86
		{D6B6D7F1-5FF8-4BBD-81C8-A70D1751E223}.Debug|Any CPU.ActiveCfg = Debug|Any CPU
		{D6B6D7F1-5FF8-4BBD-81C8-A70D1751E223}.Debug|Any CPU.Build.0 = Debug|Any CPU
		{D6B6D7F1-5FF8-4BBD-81C8-A70D1751E223}.Debug|x64.ActiveCfg = Debug|x64
		{D6B6D7F1-5FF8-4BBD-81C8-A70D1751E223}.Debug|x64.Build.0 = Debug|x64
		{D6B6D7F1-5FF8-4BBD-81C8-A70D1751E223}.Debug|x86.ActiveCfg = Debug|x86
		{D6B6D7F1-5FF8-4BBD-81C8-A70D1751E223}.Debug|x86.Build.0 = Debug|x86
		{D6B6D7F1-5FF8-4BBD-81C8-A70D1751E223}.Release|Any CPU.ActiveCfg = Release|Any CPU
		{D6B6D7F1-5FF8-4BBD-81C8-A70D1751E223}.Release|Any CPU.Build.0 = Release|Any CPU
		{D6B6D7F1-5FF8-4BBD-81C8-A70D1751E223}.Release|x64.ActiveCfg = Release|x64
		{D6B6D7F1-5FF8-4BBD-81C8-A70D1751E223}.Release|x64.Build.0 = Release|x64
		{D6B6D7F1-5FF8-4BBD-81C8-A70D1751E223}.Release|x86.ActiveCfg = Release|x86
		{D6B6D7F1-5FF8-4BBD-81C8-A70D1751E223}.Release|x86.Build.0 = Release|x86
		{B902AAB1-A100-4776-8A5E-7A5A348D6BB6}.Debug|Any CPU.ActiveCfg = Debug|Any CPU
		{B902AAB1-A100-4776-8A5E-7A5A348D6BB6}.Debug|Any CPU.Build.0 = Debug|Any CPU
		{B902AAB1-A100-4776-8A5E-7A5A348D6BB6}.Debug|x64.ActiveCfg = Debug|x64
		{B902AAB1-A100-4776-8A5E-7A5A348D6BB6}.Debug|x64.Build.0 = Debug|x64
		{B902AAB1-A100-4776-8A5E-7A5A348D6BB6}.Debug|x86.ActiveCfg = Debug|x86
		{B902AAB1-A100-4776-8A5E-7A5A348D6BB6}.Debug|x86.Build.0 = Debug|x86
		{B902AAB1-A100-4776-8A5E-7A5A348D6BB6}.Release|Any CPU.ActiveCfg = Release|Any CPU
		{B902AAB1-A100-4776-8A5E-7A5A348D6BB6}.Release|Any CPU.Build.0 = Release|Any CPU
		{B902AAB1-A100-4776-8A5E-7A5A348D6BB6}.Release|x64.ActiveCfg = Release|x64
		{B902AAB1-A100-4776-8A5E-7A5A348D6BB6}.Release|x64.Build.0 = Release|x64
		{B902AAB1-A100-4776-8A5E-7A5A348D6BB6}.Release|x86.ActiveCfg = Release|x86
		{B902AAB1-A100-4776-8A5E-7A5A348D6BB6}.Release|x86.Build.0 = Release|x86
		{FF140A84-B072-4107-9B8A-AA1C4A8F0407}.Debug|Any CPU.ActiveCfg = Debug|Any CPU
		{FF140A84-B072-4107-9B8A-AA1C4A8F0407}.Debug|Any CPU.Build.0 = Debug|Any CPU
		{FF140A84-B072-4107-9B8A-AA1C4A8F0407}.Debug|x64.ActiveCfg = Debug|x64
		{FF140A84-B072-4107-9B8A-AA1C4A8F0407}.Debug|x64.Build.0 = Debug|x64
		{FF140A84-B072-4107-9B8A-AA1C4A8F0407}.Debug|x86.ActiveCfg = Debug|x86
		{FF140A84-B072-4107-9B8A-AA1C4A8F0407}.Debug|x86.Build.0 = Debug|x86
		{FF140A84-B072-4107-9B8A-AA1C4A8F0407}.Release|Any CPU.ActiveCfg = Release|Any CPU
		{FF140A84-B072-4107-9B8A-AA1C4A8F0407}.Release|Any CPU.Build.0 = Release|Any CPU
		{FF140A84-B072-4107-9B8A-AA1C4A8F0407}.Release|x64.ActiveCfg = Release|x64
		{FF140A84-B072-4107-9B8A-AA1C4A8F0407}.Release|x64.Build.0 = Release|x64
		{FF140A84-B072-4107-9B8A-AA1C4A8F0407}.Release|x86.ActiveCfg = Release|x86
		{FF140A84-B072-4107-9B8A-AA1C4A8F0407}.Release|x86.Build.0 = Release|x86
		{4EA19582-6636-4FB6-B3B4-4A53B17E03AB}.Debug|Any CPU.ActiveCfg = Debug|Any CPU
		{4EA19582-6636-4FB6-B3B4-4A53B17E03AB}.Debug|Any CPU.Build.0 = Debug|Any CPU
		{4EA19582-6636-4FB6-B3B4-4A53B17E03AB}.Debug|x64.ActiveCfg = Debug|x64
		{4EA19582-6636-4FB6-B3B4-4A53B17E03AB}.Debug|x64.Build.0 = Debug|x64
		{4EA19582-6636-4FB6-B3B4-4A53B17E03AB}.Debug|x86.ActiveCfg = Debug|x86
		{4EA19582-6636-4FB6-B3B4-4A53B17E03AB}.Debug|x86.Build.0 = Debug|x86
		{4EA19582-6636-4FB6-B3B4-4A53B17E03AB}.Release|Any CPU.ActiveCfg = Release|Any CPU
		{4EA19582-6636-4FB6-B3B4-4A53B17E03AB}.Release|Any CPU.Build.0 = Release|Any CPU
		{4EA19582-6636-4FB6-B3B4-4A53B17E03AB}.Release|x64.ActiveCfg = Release|x64
		{4EA19582-6636-4FB6-B3B4-4A53B17E03AB}.Release|x64.Build.0 = Release|x64
		{4EA19582-6636-4FB6-B3B4-4A53B17E03AB}.Release|x86.ActiveCfg = Release|x86
		{4EA19582-6636-4FB6-B3B4-4A53B17E03AB}.Release|x86.Build.0 = Release|x86
		{16A40005-5836-4260-87EA-3240B430087D}.Debug|Any CPU.ActiveCfg = Debug|Any CPU
		{16A40005-5836-4260-87EA-3240B430087D}.Debug|Any CPU.Build.0 = Debug|Any CPU
		{16A40005-5836-4260-87EA-3240B430087D}.Debug|x64.ActiveCfg = Debug|x64
		{16A40005-5836-4260-87EA-3240B430087D}.Debug|x64.Build.0 = Debug|x64
		{16A40005-5836-4260-87EA-3240B430087D}.Debug|x86.ActiveCfg = Debug|x86
		{16A40005-5836-4260-87EA-3240B430087D}.Debug|x86.Build.0 = Debug|x86
		{16A40005-5836-4260-87EA-3240B430087D}.Release|Any CPU.ActiveCfg = Release|Any CPU
		{16A40005-5836-4260-87EA-3240B430087D}.Release|Any CPU.Build.0 = Release|Any CPU
		{16A40005-5836-4260-87EA-3240B430087D}.Release|x64.ActiveCfg = Release|x64
		{16A40005-5836-4260-87EA-3240B430087D}.Release|x64.Build.0 = Release|x64
		{16A40005-5836-4260-87EA-3240B430087D}.Release|x86.ActiveCfg = Release|x86
		{16A40005-5836-4260-87EA-3240B430087D}.Release|x86.Build.0 = Release|x86
		{1F914A96-59AD-405F-B725-D11C13182475}.Debug|Any CPU.ActiveCfg = Debug|Any CPU
		{1F914A96-59AD-405F-B725-D11C13182475}.Debug|Any CPU.Build.0 = Debug|Any CPU
		{1F914A96-59AD-405F-B725-D11C13182475}.Debug|x64.ActiveCfg = Debug|x64
		{1F914A96-59AD-405F-B725-D11C13182475}.Debug|x64.Build.0 = Debug|x64
		{1F914A96-59AD-405F-B725-D11C13182475}.Debug|x86.ActiveCfg = Debug|x86
		{1F914A96-59AD-405F-B725-D11C13182475}.Debug|x86.Build.0 = Debug|x86
		{1F914A96-59AD-405F-B725-D11C13182475}.Release|Any CPU.ActiveCfg = Release|Any CPU
		{1F914A96-59AD-405F-B725-D11C13182475}.Release|Any CPU.Build.0 = Release|Any CPU
		{1F914A96-59AD-405F-B725-D11C13182475}.Release|x64.ActiveCfg = Release|x64
		{1F914A96-59AD-405F-B725-D11C13182475}.Release|x64.Build.0 = Release|x64
		{1F914A96-59AD-405F-B725-D11C13182475}.Release|x86.ActiveCfg = Release|x86
		{1F914A96-59AD-405F-B725-D11C13182475}.Release|x86.Build.0 = Release|x86
		{31EDE59A-0C3F-462B-98E0-4DD454D96847}.Debug|Any CPU.ActiveCfg = Debug|Any CPU
		{31EDE59A-0C3F-462B-98E0-4DD454D96847}.Debug|Any CPU.Build.0 = Debug|Any CPU
		{31EDE59A-0C3F-462B-98E0-4DD454D96847}.Debug|x64.ActiveCfg = Debug|x64
		{31EDE59A-0C3F-462B-98E0-4DD454D96847}.Debug|x64.Build.0 = Debug|x64
		{31EDE59A-0C3F-462B-98E0-4DD454D96847}.Debug|x86.ActiveCfg = Debug|x86
		{31EDE59A-0C3F-462B-98E0-4DD454D96847}.Debug|x86.Build.0 = Debug|x86
		{31EDE59A-0C3F-462B-98E0-4DD454D96847}.Release|Any CPU.ActiveCfg = Release|Any CPU
		{31EDE59A-0C3F-462B-98E0-4DD454D96847}.Release|Any CPU.Build.0 = Release|Any CPU
		{31EDE59A-0C3F-462B-98E0-4DD454D96847}.Release|x64.ActiveCfg = Release|x64
		{31EDE59A-0C3F-462B-98E0-4DD454D96847}.Release|x64.Build.0 = Release|x64
		{31EDE59A-0C3F-462B-98E0-4DD454D96847}.Release|x86.ActiveCfg = Release|x86
		{31EDE59A-0C3F-462B-98E0-4DD454D96847}.Release|x86.Build.0 = Release|x86
		{363CB3D8-13AB-4C60-A8E7-FC92F90133D3}.Debug|Any CPU.ActiveCfg = Debug|Any CPU
		{363CB3D8-13AB-4C60-A8E7-FC92F90133D3}.Debug|Any CPU.Build.0 = Debug|Any CPU
		{363CB3D8-13AB-4C60-A8E7-FC92F90133D3}.Debug|x64.ActiveCfg = Debug|Any CPU
		{363CB3D8-13AB-4C60-A8E7-FC92F90133D3}.Debug|x64.Build.0 = Debug|Any CPU
		{363CB3D8-13AB-4C60-A8E7-FC92F90133D3}.Debug|x86.ActiveCfg = Debug|Any CPU
		{363CB3D8-13AB-4C60-A8E7-FC92F90133D3}.Debug|x86.Build.0 = Debug|Any CPU
		{363CB3D8-13AB-4C60-A8E7-FC92F90133D3}.Release|Any CPU.ActiveCfg = Release|Any CPU
		{363CB3D8-13AB-4C60-A8E7-FC92F90133D3}.Release|Any CPU.Build.0 = Release|Any CPU
		{363CB3D8-13AB-4C60-A8E7-FC92F90133D3}.Release|x64.ActiveCfg = Release|Any CPU
		{363CB3D8-13AB-4C60-A8E7-FC92F90133D3}.Release|x64.Build.0 = Release|Any CPU
		{363CB3D8-13AB-4C60-A8E7-FC92F90133D3}.Release|x86.ActiveCfg = Release|Any CPU
		{363CB3D8-13AB-4C60-A8E7-FC92F90133D3}.Release|x86.Build.0 = Release|Any CPU
		{E9F40DD4-B7EB-4519-8208-4CC36CBEFE7F}.Debug|Any CPU.ActiveCfg = Debug|Any CPU
		{E9F40DD4-B7EB-4519-8208-4CC36CBEFE7F}.Debug|Any CPU.Build.0 = Debug|Any CPU
		{E9F40DD4-B7EB-4519-8208-4CC36CBEFE7F}.Debug|x64.ActiveCfg = Debug|Any CPU
		{E9F40DD4-B7EB-4519-8208-4CC36CBEFE7F}.Debug|x64.Build.0 = Debug|Any CPU
		{E9F40DD4-B7EB-4519-8208-4CC36CBEFE7F}.Debug|x86.ActiveCfg = Debug|Any CPU
		{E9F40DD4-B7EB-4519-8208-4CC36CBEFE7F}.Debug|x86.Build.0 = Debug|Any CPU
		{E9F40DD4-B7EB-4519-8208-4CC36CBEFE7F}.Release|Any CPU.ActiveCfg = Release|Any CPU
		{E9F40DD4-B7EB-4519-8208-4CC36CBEFE7F}.Release|Any CPU.Build.0 = Release|Any CPU
		{E9F40DD4-B7EB-4519-8208-4CC36CBEFE7F}.Release|x64.ActiveCfg = Release|Any CPU
		{E9F40DD4-B7EB-4519-8208-4CC36CBEFE7F}.Release|x64.Build.0 = Release|Any CPU
		{E9F40DD4-B7EB-4519-8208-4CC36CBEFE7F}.Release|x86.ActiveCfg = Release|Any CPU
		{E9F40DD4-B7EB-4519-8208-4CC36CBEFE7F}.Release|x86.Build.0 = Release|Any CPU
		{A7F18431-C164-4A0F-AC82-140FEB191B6A}.Debug|Any CPU.ActiveCfg = Debug|Any CPU
		{A7F18431-C164-4A0F-AC82-140FEB191B6A}.Debug|Any CPU.Build.0 = Debug|Any CPU
		{A7F18431-C164-4A0F-AC82-140FEB191B6A}.Debug|x64.ActiveCfg = Debug|Any CPU
		{A7F18431-C164-4A0F-AC82-140FEB191B6A}.Debug|x64.Build.0 = Debug|Any CPU
		{A7F18431-C164-4A0F-AC82-140FEB191B6A}.Debug|x86.ActiveCfg = Debug|Any CPU
		{A7F18431-C164-4A0F-AC82-140FEB191B6A}.Debug|x86.Build.0 = Debug|Any CPU
		{A7F18431-C164-4A0F-AC82-140FEB191B6A}.Release|Any CPU.ActiveCfg = Release|Any CPU
		{A7F18431-C164-4A0F-AC82-140FEB191B6A}.Release|Any CPU.Build.0 = Release|Any CPU
		{A7F18431-C164-4A0F-AC82-140FEB191B6A}.Release|x64.ActiveCfg = Release|Any CPU
		{A7F18431-C164-4A0F-AC82-140FEB191B6A}.Release|x64.Build.0 = Release|Any CPU
		{A7F18431-C164-4A0F-AC82-140FEB191B6A}.Release|x86.ActiveCfg = Release|Any CPU
		{A7F18431-C164-4A0F-AC82-140FEB191B6A}.Release|x86.Build.0 = Release|Any CPU
		{B0963F16-F6C7-4699-AD8C-2358F30E0382}.Debug|Any CPU.ActiveCfg = Debug|Any CPU
		{B0963F16-F6C7-4699-AD8C-2358F30E0382}.Debug|Any CPU.Build.0 = Debug|Any CPU
		{B0963F16-F6C7-4699-AD8C-2358F30E0382}.Debug|x64.ActiveCfg = Debug|Any CPU
		{B0963F16-F6C7-4699-AD8C-2358F30E0382}.Debug|x64.Build.0 = Debug|Any CPU
		{B0963F16-F6C7-4699-AD8C-2358F30E0382}.Debug|x86.ActiveCfg = Debug|Any CPU
		{B0963F16-F6C7-4699-AD8C-2358F30E0382}.Debug|x86.Build.0 = Debug|Any CPU
		{B0963F16-F6C7-4699-AD8C-2358F30E0382}.Release|Any CPU.ActiveCfg = Release|Any CPU
		{B0963F16-F6C7-4699-AD8C-2358F30E0382}.Release|Any CPU.Build.0 = Release|Any CPU
		{B0963F16-F6C7-4699-AD8C-2358F30E0382}.Release|x64.ActiveCfg = Release|Any CPU
		{B0963F16-F6C7-4699-AD8C-2358F30E0382}.Release|x64.Build.0 = Release|Any CPU
		{B0963F16-F6C7-4699-AD8C-2358F30E0382}.Release|x86.ActiveCfg = Release|Any CPU
		{B0963F16-F6C7-4699-AD8C-2358F30E0382}.Release|x86.Build.0 = Release|Any CPU
		{90604D91-E412-4F70-9425-D429DC1CD377}.Debug|Any CPU.ActiveCfg = Debug|Any CPU
		{90604D91-E412-4F70-9425-D429DC1CD377}.Debug|Any CPU.Build.0 = Debug|Any CPU
		{90604D91-E412-4F70-9425-D429DC1CD377}.Debug|x64.ActiveCfg = Debug|Any CPU
		{90604D91-E412-4F70-9425-D429DC1CD377}.Debug|x64.Build.0 = Debug|Any CPU
		{90604D91-E412-4F70-9425-D429DC1CD377}.Debug|x86.ActiveCfg = Debug|Any CPU
		{90604D91-E412-4F70-9425-D429DC1CD377}.Debug|x86.Build.0 = Debug|Any CPU
		{90604D91-E412-4F70-9425-D429DC1CD377}.Release|Any CPU.ActiveCfg = Release|Any CPU
		{90604D91-E412-4F70-9425-D429DC1CD377}.Release|Any CPU.Build.0 = Release|Any CPU
		{90604D91-E412-4F70-9425-D429DC1CD377}.Release|x64.ActiveCfg = Release|Any CPU
		{90604D91-E412-4F70-9425-D429DC1CD377}.Release|x64.Build.0 = Release|Any CPU
		{90604D91-E412-4F70-9425-D429DC1CD377}.Release|x86.ActiveCfg = Release|Any CPU
		{90604D91-E412-4F70-9425-D429DC1CD377}.Release|x86.Build.0 = Release|Any CPU
		{B852D7B1-87F5-456A-9880-02194139411D}.Debug|Any CPU.ActiveCfg = Debug|Any CPU
		{B852D7B1-87F5-456A-9880-02194139411D}.Debug|Any CPU.Build.0 = Debug|Any CPU
		{B852D7B1-87F5-456A-9880-02194139411D}.Debug|x64.ActiveCfg = Debug|Any CPU
		{B852D7B1-87F5-456A-9880-02194139411D}.Debug|x64.Build.0 = Debug|Any CPU
		{B852D7B1-87F5-456A-9880-02194139411D}.Debug|x86.ActiveCfg = Debug|Any CPU
		{B852D7B1-87F5-456A-9880-02194139411D}.Debug|x86.Build.0 = Debug|Any CPU
		{B852D7B1-87F5-456A-9880-02194139411D}.Release|Any CPU.ActiveCfg = Release|Any CPU
		{B852D7B1-87F5-456A-9880-02194139411D}.Release|Any CPU.Build.0 = Release|Any CPU
		{B852D7B1-87F5-456A-9880-02194139411D}.Release|x64.ActiveCfg = Release|Any CPU
		{B852D7B1-87F5-456A-9880-02194139411D}.Release|x64.Build.0 = Release|Any CPU
		{B852D7B1-87F5-456A-9880-02194139411D}.Release|x86.ActiveCfg = Release|Any CPU
		{B852D7B1-87F5-456A-9880-02194139411D}.Release|x86.Build.0 = Release|Any CPU
		{6C0C05A4-0D1D-489A-881C-142FA4877BED}.Debug|Any CPU.ActiveCfg = Debug|Any CPU
		{6C0C05A4-0D1D-489A-881C-142FA4877BED}.Debug|Any CPU.Build.0 = Debug|Any CPU
		{6C0C05A4-0D1D-489A-881C-142FA4877BED}.Debug|x64.ActiveCfg = Debug|Any CPU
		{6C0C05A4-0D1D-489A-881C-142FA4877BED}.Debug|x64.Build.0 = Debug|Any CPU
		{6C0C05A4-0D1D-489A-881C-142FA4877BED}.Debug|x86.ActiveCfg = Debug|Any CPU
		{6C0C05A4-0D1D-489A-881C-142FA4877BED}.Debug|x86.Build.0 = Debug|Any CPU
		{6C0C05A4-0D1D-489A-881C-142FA4877BED}.Release|Any CPU.ActiveCfg = Release|Any CPU
		{6C0C05A4-0D1D-489A-881C-142FA4877BED}.Release|Any CPU.Build.0 = Release|Any CPU
		{6C0C05A4-0D1D-489A-881C-142FA4877BED}.Release|x64.ActiveCfg = Release|Any CPU
		{6C0C05A4-0D1D-489A-881C-142FA4877BED}.Release|x64.Build.0 = Release|Any CPU
		{6C0C05A4-0D1D-489A-881C-142FA4877BED}.Release|x86.ActiveCfg = Release|Any CPU
		{6C0C05A4-0D1D-489A-881C-142FA4877BED}.Release|x86.Build.0 = Release|Any CPU
		{FD43BD6D-DC66-45FE-B4D2-9C5B9CFFD39F}.Debug|Any CPU.ActiveCfg = Debug|Any CPU
		{FD43BD6D-DC66-45FE-B4D2-9C5B9CFFD39F}.Debug|Any CPU.Build.0 = Debug|Any CPU
		{FD43BD6D-DC66-45FE-B4D2-9C5B9CFFD39F}.Debug|x64.ActiveCfg = Debug|x64
		{FD43BD6D-DC66-45FE-B4D2-9C5B9CFFD39F}.Debug|x64.Build.0 = Debug|x64
		{FD43BD6D-DC66-45FE-B4D2-9C5B9CFFD39F}.Debug|x86.ActiveCfg = Debug|x86
		{FD43BD6D-DC66-45FE-B4D2-9C5B9CFFD39F}.Debug|x86.Build.0 = Debug|x86
		{FD43BD6D-DC66-45FE-B4D2-9C5B9CFFD39F}.Release|Any CPU.ActiveCfg = Release|Any CPU
		{FD43BD6D-DC66-45FE-B4D2-9C5B9CFFD39F}.Release|Any CPU.Build.0 = Release|Any CPU
		{FD43BD6D-DC66-45FE-B4D2-9C5B9CFFD39F}.Release|x64.ActiveCfg = Release|x64
		{FD43BD6D-DC66-45FE-B4D2-9C5B9CFFD39F}.Release|x64.Build.0 = Release|x64
		{FD43BD6D-DC66-45FE-B4D2-9C5B9CFFD39F}.Release|x86.ActiveCfg = Release|x86
		{FD43BD6D-DC66-45FE-B4D2-9C5B9CFFD39F}.Release|x86.Build.0 = Release|x86
		{EF457977-11CA-4844-8BC1-D544040F1352}.Debug|Any CPU.ActiveCfg = Debug|Any CPU
		{EF457977-11CA-4844-8BC1-D544040F1352}.Debug|Any CPU.Build.0 = Debug|Any CPU
		{EF457977-11CA-4844-8BC1-D544040F1352}.Debug|x64.ActiveCfg = Debug|x64
		{EF457977-11CA-4844-8BC1-D544040F1352}.Debug|x64.Build.0 = Debug|x64
		{EF457977-11CA-4844-8BC1-D544040F1352}.Debug|x86.ActiveCfg = Debug|x86
		{EF457977-11CA-4844-8BC1-D544040F1352}.Debug|x86.Build.0 = Debug|x86
		{EF457977-11CA-4844-8BC1-D544040F1352}.Release|Any CPU.ActiveCfg = Release|Any CPU
		{EF457977-11CA-4844-8BC1-D544040F1352}.Release|Any CPU.Build.0 = Release|Any CPU
		{EF457977-11CA-4844-8BC1-D544040F1352}.Release|x64.ActiveCfg = Release|x64
		{EF457977-11CA-4844-8BC1-D544040F1352}.Release|x64.Build.0 = Release|x64
		{EF457977-11CA-4844-8BC1-D544040F1352}.Release|x86.ActiveCfg = Release|x86
		{EF457977-11CA-4844-8BC1-D544040F1352}.Release|x86.Build.0 = Release|x86
		{D056F549-D3D9-4DA0-B0A0-5C22BB15CB14}.Debug|Any CPU.ActiveCfg = Debug|Any CPU
		{D056F549-D3D9-4DA0-B0A0-5C22BB15CB14}.Debug|Any CPU.Build.0 = Debug|Any CPU
		{D056F549-D3D9-4DA0-B0A0-5C22BB15CB14}.Debug|x64.ActiveCfg = Debug|x64
		{D056F549-D3D9-4DA0-B0A0-5C22BB15CB14}.Debug|x64.Build.0 = Debug|x64
		{D056F549-D3D9-4DA0-B0A0-5C22BB15CB14}.Debug|x86.ActiveCfg = Debug|x86
		{D056F549-D3D9-4DA0-B0A0-5C22BB15CB14}.Debug|x86.Build.0 = Debug|x86
		{D056F549-D3D9-4DA0-B0A0-5C22BB15CB14}.Release|Any CPU.ActiveCfg = Release|Any CPU
		{D056F549-D3D9-4DA0-B0A0-5C22BB15CB14}.Release|Any CPU.Build.0 = Release|Any CPU
		{D056F549-D3D9-4DA0-B0A0-5C22BB15CB14}.Release|x64.ActiveCfg = Release|x64
		{D056F549-D3D9-4DA0-B0A0-5C22BB15CB14}.Release|x64.Build.0 = Release|x64
		{D056F549-D3D9-4DA0-B0A0-5C22BB15CB14}.Release|x86.ActiveCfg = Release|x86
		{D056F549-D3D9-4DA0-B0A0-5C22BB15CB14}.Release|x86.Build.0 = Release|x86
		{7CD2A141-7DDC-41AA-AB70-1EFEE472F182}.Debug|Any CPU.ActiveCfg = Debug|Any CPU
		{7CD2A141-7DDC-41AA-AB70-1EFEE472F182}.Debug|Any CPU.Build.0 = Debug|Any CPU
		{7CD2A141-7DDC-41AA-AB70-1EFEE472F182}.Debug|x64.ActiveCfg = Debug|Any CPU
		{7CD2A141-7DDC-41AA-AB70-1EFEE472F182}.Debug|x64.Build.0 = Debug|Any CPU
		{7CD2A141-7DDC-41AA-AB70-1EFEE472F182}.Debug|x86.ActiveCfg = Debug|Any CPU
		{7CD2A141-7DDC-41AA-AB70-1EFEE472F182}.Debug|x86.Build.0 = Debug|Any CPU
		{7CD2A141-7DDC-41AA-AB70-1EFEE472F182}.Release|Any CPU.ActiveCfg = Release|Any CPU
		{7CD2A141-7DDC-41AA-AB70-1EFEE472F182}.Release|Any CPU.Build.0 = Release|Any CPU
		{7CD2A141-7DDC-41AA-AB70-1EFEE472F182}.Release|x64.ActiveCfg = Release|Any CPU
		{7CD2A141-7DDC-41AA-AB70-1EFEE472F182}.Release|x64.Build.0 = Release|Any CPU
		{7CD2A141-7DDC-41AA-AB70-1EFEE472F182}.Release|x86.ActiveCfg = Release|Any CPU
		{7CD2A141-7DDC-41AA-AB70-1EFEE472F182}.Release|x86.Build.0 = Release|Any CPU
		{643FB19D-F1FA-42EC-9ACD-563F3167E80E}.Debug|Any CPU.ActiveCfg = Debug|Any CPU
		{643FB19D-F1FA-42EC-9ACD-563F3167E80E}.Debug|Any CPU.Build.0 = Debug|Any CPU
		{643FB19D-F1FA-42EC-9ACD-563F3167E80E}.Debug|x64.ActiveCfg = Debug|Any CPU
		{643FB19D-F1FA-42EC-9ACD-563F3167E80E}.Debug|x64.Build.0 = Debug|Any CPU
		{643FB19D-F1FA-42EC-9ACD-563F3167E80E}.Debug|x86.ActiveCfg = Debug|Any CPU
		{643FB19D-F1FA-42EC-9ACD-563F3167E80E}.Debug|x86.Build.0 = Debug|Any CPU
		{643FB19D-F1FA-42EC-9ACD-563F3167E80E}.Release|Any CPU.ActiveCfg = Release|Any CPU
		{643FB19D-F1FA-42EC-9ACD-563F3167E80E}.Release|Any CPU.Build.0 = Release|Any CPU
		{643FB19D-F1FA-42EC-9ACD-563F3167E80E}.Release|x64.ActiveCfg = Release|Any CPU
		{643FB19D-F1FA-42EC-9ACD-563F3167E80E}.Release|x64.Build.0 = Release|Any CPU
		{643FB19D-F1FA-42EC-9ACD-563F3167E80E}.Release|x86.ActiveCfg = Release|Any CPU
		{643FB19D-F1FA-42EC-9ACD-563F3167E80E}.Release|x86.Build.0 = Release|Any CPU
		{4AD48290-32BF-46F6-B403-60F74CD5A43D}.Debug|Any CPU.ActiveCfg = Debug|Any CPU
		{4AD48290-32BF-46F6-B403-60F74CD5A43D}.Debug|Any CPU.Build.0 = Debug|Any CPU
		{4AD48290-32BF-46F6-B403-60F74CD5A43D}.Debug|x64.ActiveCfg = Debug|Any CPU
		{4AD48290-32BF-46F6-B403-60F74CD5A43D}.Debug|x64.Build.0 = Debug|Any CPU
		{4AD48290-32BF-46F6-B403-60F74CD5A43D}.Debug|x86.ActiveCfg = Debug|Any CPU
		{4AD48290-32BF-46F6-B403-60F74CD5A43D}.Debug|x86.Build.0 = Debug|Any CPU
		{4AD48290-32BF-46F6-B403-60F74CD5A43D}.Release|Any CPU.ActiveCfg = Release|Any CPU
		{4AD48290-32BF-46F6-B403-60F74CD5A43D}.Release|Any CPU.Build.0 = Release|Any CPU
		{4AD48290-32BF-46F6-B403-60F74CD5A43D}.Release|x64.ActiveCfg = Release|Any CPU
		{4AD48290-32BF-46F6-B403-60F74CD5A43D}.Release|x64.Build.0 = Release|Any CPU
		{4AD48290-32BF-46F6-B403-60F74CD5A43D}.Release|x86.ActiveCfg = Release|Any CPU
		{4AD48290-32BF-46F6-B403-60F74CD5A43D}.Release|x86.Build.0 = Release|Any CPU
		{28238A48-9679-4A5C-BE49-43447544DF73}.Debug|Any CPU.ActiveCfg = Debug|Any CPU
		{28238A48-9679-4A5C-BE49-43447544DF73}.Debug|Any CPU.Build.0 = Debug|Any CPU
		{28238A48-9679-4A5C-BE49-43447544DF73}.Debug|x64.ActiveCfg = Debug|Any CPU
		{28238A48-9679-4A5C-BE49-43447544DF73}.Debug|x64.Build.0 = Debug|Any CPU
		{28238A48-9679-4A5C-BE49-43447544DF73}.Debug|x86.ActiveCfg = Debug|Any CPU
		{28238A48-9679-4A5C-BE49-43447544DF73}.Debug|x86.Build.0 = Debug|Any CPU
		{28238A48-9679-4A5C-BE49-43447544DF73}.Release|Any CPU.ActiveCfg = Release|Any CPU
		{28238A48-9679-4A5C-BE49-43447544DF73}.Release|Any CPU.Build.0 = Release|Any CPU
		{28238A48-9679-4A5C-BE49-43447544DF73}.Release|x64.ActiveCfg = Release|Any CPU
		{28238A48-9679-4A5C-BE49-43447544DF73}.Release|x64.Build.0 = Release|Any CPU
		{28238A48-9679-4A5C-BE49-43447544DF73}.Release|x86.ActiveCfg = Release|Any CPU
		{28238A48-9679-4A5C-BE49-43447544DF73}.Release|x86.Build.0 = Release|Any CPU
	EndGlobalSection
	GlobalSection(SolutionProperties) = preSolution
		HideSolutionNode = FALSE
	EndGlobalSection
	GlobalSection(NestedProjects) = preSolution
		{1F0D8B34-FB71-4C95-939E-CC64E6381896} = {36652025-F7A9-42BA-AA08-DA5D622CD001}
		{47910D2B-17B8-437D-B5E6-EAE3B203588E} = {E2DDB32D-FF53-4533-8DCA-97BF60F5D2A7}
		{5ADF7EF3-30B7-43C2-A19D-3B6E560E4D89} = {36652025-F7A9-42BA-AA08-DA5D622CD001}
		{AEE6B795-6E18-4E56-AB16-7AC261FFB5DD} = {899C32AF-41FC-4F39-A301-8C19C28156B5}
		{8FE80AE0-829A-4267-BEF1-0A8975FF2C98} = {899C32AF-41FC-4F39-A301-8C19C28156B5}
		{B694A233-B984-4364-8691-1FEE6EBB1FAC} = {E2DDB32D-FF53-4533-8DCA-97BF60F5D2A7}
		{D6B6D7F1-5FF8-4BBD-81C8-A70D1751E223} = {E2DDB32D-FF53-4533-8DCA-97BF60F5D2A7}
		{B902AAB1-A100-4776-8A5E-7A5A348D6BB6} = {36652025-F7A9-42BA-AA08-DA5D622CD001}
		{FF140A84-B072-4107-9B8A-AA1C4A8F0407} = {B0112A12-5A90-4033-B6F5-2E6EA7BE23A0}
		{4EA19582-6636-4FB6-B3B4-4A53B17E03AB} = {899C32AF-41FC-4F39-A301-8C19C28156B5}
		{16A40005-5836-4260-87EA-3240B430087D} = {36652025-F7A9-42BA-AA08-DA5D622CD001}
		{1F914A96-59AD-405F-B725-D11C13182475} = {7E0621FA-D825-4533-BD45-32A0CF25EA33}
		{31EDE59A-0C3F-462B-98E0-4DD454D96847} = {E2DDB32D-FF53-4533-8DCA-97BF60F5D2A7}
		{363CB3D8-13AB-4C60-A8E7-FC92F90133D3} = {28A3ED1B-548C-403C-A6C7-BB91CFD7F338}
		{E9F40DD4-B7EB-4519-8208-4CC36CBEFE7F} = {28A3ED1B-548C-403C-A6C7-BB91CFD7F338}
		{A7F18431-C164-4A0F-AC82-140FEB191B6A} = {28A3ED1B-548C-403C-A6C7-BB91CFD7F338}
		{B0963F16-F6C7-4699-AD8C-2358F30E0382} = {899C32AF-41FC-4F39-A301-8C19C28156B5}
		{90604D91-E412-4F70-9425-D429DC1CD377} = {7E0621FA-D825-4533-BD45-32A0CF25EA33}
		{B852D7B1-87F5-456A-9880-02194139411D} = {D80CFC81-9ECC-4DF8-8683-109D852B63E4}
		{6C0C05A4-0D1D-489A-881C-142FA4877BED} = {B0112A12-5A90-4033-B6F5-2E6EA7BE23A0}
		{FD43BD6D-DC66-45FE-B4D2-9C5B9CFFD39F} = {B0112A12-5A90-4033-B6F5-2E6EA7BE23A0}
		{EF457977-11CA-4844-8BC1-D544040F1352} = {6B104D2F-7D19-4724-AB04-16C9B1BB74E9}
		{D056F549-D3D9-4DA0-B0A0-5C22BB15CB14} = {6B104D2F-7D19-4724-AB04-16C9B1BB74E9}
		{7CD2A141-7DDC-41AA-AB70-1EFEE472F182} = {E2DDB32D-FF53-4533-8DCA-97BF60F5D2A7}
		{28A3ED1B-548C-403C-A6C7-BB91CFD7F338} = {2F6F3A05-5F71-4C5C-ACA6-0124E3E455B0}
		{D80CFC81-9ECC-4DF8-8683-109D852B63E4} = {2F6F3A05-5F71-4C5C-ACA6-0124E3E455B0}
		{643FB19D-F1FA-42EC-9ACD-563F3167E80E} = {E2DDB32D-FF53-4533-8DCA-97BF60F5D2A7}
		{4AD48290-32BF-46F6-B403-60F74CD5A43D} = {B0112A12-5A90-4033-B6F5-2E6EA7BE23A0}
		{28238A48-9679-4A5C-BE49-43447544DF73} = {E2DDB32D-FF53-4533-8DCA-97BF60F5D2A7}
	EndGlobalSection
	GlobalSection(ExtensibilityGlobals) = postSolution
		SolutionGuid = {8B2588E7-B74B-432C-81BD-61FD52ECDEC7}
	EndGlobalSection
EndGlobal
